// !$*UTF8*$!
{
	archiveVersion = 1;
	classes = {
	};
	objectVersion = 46;
	objects = {

/* Begin PBXBuildFile section */
		EDAB93F81E23B62D00464F65 /* AppDelegate.swift in Sources */ = {isa = PBXBuildFile; fileRef = EDAB93F71E23B62D00464F65 /* AppDelegate.swift */; };
		EDAB93FA1E23B62D00464F65 /* ViewController.swift in Sources */ = {isa = PBXBuildFile; fileRef = EDAB93F91E23B62D00464F65 /* ViewController.swift */; };
		EDAB93FD1E23B62D00464F65 /* Main.storyboard in Resources */ = {isa = PBXBuildFile; fileRef = EDAB93FB1E23B62D00464F65 /* Main.storyboard */; };
		EDAB93FF1E23B62D00464F65 /* Assets.xcassets in Resources */ = {isa = PBXBuildFile; fileRef = EDAB93FE1E23B62D00464F65 /* Assets.xcassets */; };
		EDAB94021E23B62D00464F65 /* LaunchScreen.storyboard in Resources */ = {isa = PBXBuildFile; fileRef = EDAB94001E23B62D00464F65 /* LaunchScreen.storyboard */; };
		EDAB940D1E23B62D00464F65 /* drumPadTests.swift in Sources */ = {isa = PBXBuildFile; fileRef = EDAB940C1E23B62D00464F65 /* drumPadTests.swift */; };
		EDAB94181E23B62D00464F65 /* drumPadUITests.swift in Sources */ = {isa = PBXBuildFile; fileRef = EDAB94171E23B62D00464F65 /* drumPadUITests.swift */; };
/* End PBXBuildFile section */

/* Begin PBXContainerItemProxy section */
		EDAB94091E23B62D00464F65 /* PBXContainerItemProxy */ = {
			isa = PBXContainerItemProxy;
			containerPortal = EDAB93EC1E23B62C00464F65 /* Project object */;
			proxyType = 1;
			remoteGlobalIDString = EDAB93F31E23B62C00464F65;
			remoteInfo = drumPad;
		};
		EDAB94141E23B62D00464F65 /* PBXContainerItemProxy */ = {
			isa = PBXContainerItemProxy;
			containerPortal = EDAB93EC1E23B62C00464F65 /* Project object */;
			proxyType = 1;
			remoteGlobalIDString = EDAB93F31E23B62C00464F65;
			remoteInfo = drumPad;
		};
/* End PBXContainerItemProxy section */

/* Begin PBXFileReference section */
		EDAB93F41E23B62D00464F65 /* drumPad.app */ = {isa = PBXFileReference; explicitFileType = wrapper.application; includeInIndex = 0; path = drumPad.app; sourceTree = BUILT_PRODUCTS_DIR; };
		EDAB93F71E23B62D00464F65 /* AppDelegate.swift */ = {isa = PBXFileReference; lastKnownFileType = sourcecode.swift; path = AppDelegate.swift; sourceTree = "<group>"; };
		EDAB93F91E23B62D00464F65 /* ViewController.swift */ = {isa = PBXFileReference; lastKnownFileType = sourcecode.swift; path = ViewController.swift; sourceTree = "<group>"; };
		EDAB93FC1E23B62D00464F65 /* Base */ = {isa = PBXFileReference; lastKnownFileType = file.storyboard; name = Base; path = Base.lproj/Main.storyboard; sourceTree = "<group>"; };
		EDAB93FE1E23B62D00464F65 /* Assets.xcassets */ = {isa = PBXFileReference; lastKnownFileType = folder.assetcatalog; path = Assets.xcassets; sourceTree = "<group>"; };
		EDAB94011E23B62D00464F65 /* Base */ = {isa = PBXFileReference; lastKnownFileType = file.storyboard; name = Base; path = Base.lproj/LaunchScreen.storyboard; sourceTree = "<group>"; };
		EDAB94031E23B62D00464F65 /* Info.plist */ = {isa = PBXFileReference; lastKnownFileType = text.plist.xml; path = Info.plist; sourceTree = "<group>"; };
		EDAB94081E23B62D00464F65 /* drumPadTests.xctest */ = {isa = PBXFileReference; explicitFileType = wrapper.cfbundle; includeInIndex = 0; path = drumPadTests.xctest; sourceTree = BUILT_PRODUCTS_DIR; };
		EDAB940C1E23B62D00464F65 /* drumPadTests.swift */ = {isa = PBXFileReference; lastKnownFileType = sourcecode.swift; path = drumPadTests.swift; sourceTree = "<group>"; };
		EDAB940E1E23B62D00464F65 /* Info.plist */ = {isa = PBXFileReference; lastKnownFileType = text.plist.xml; path = Info.plist; sourceTree = "<group>"; };
		EDAB94131E23B62D00464F65 /* drumPadUITests.xctest */ = {isa = PBXFileReference; explicitFileType = wrapper.cfbundle; includeInIndex = 0; path = drumPadUITests.xctest; sourceTree = BUILT_PRODUCTS_DIR; };
		EDAB94171E23B62D00464F65 /* drumPadUITests.swift */ = {isa = PBXFileReference; lastKnownFileType = sourcecode.swift; path = drumPadUITests.swift; sourceTree = "<group>"; };
		EDAB94191E23B62D00464F65 /* Info.plist */ = {isa = PBXFileReference; lastKnownFileType = text.plist.xml; path = Info.plist; sourceTree = "<group>"; };
/* End PBXFileReference section */

/* Begin PBXFrameworksBuildPhase section */
		EDAB93F11E23B62C00464F65 /* Frameworks */ = {
			isa = PBXFrameworksBuildPhase;
			buildActionMask = 2147483647;
			files = (
			);
			runOnlyForDeploymentPostprocessing = 0;
		};
		EDAB94051E23B62D00464F65 /* Frameworks */ = {
			isa = PBXFrameworksBuildPhase;
			buildActionMask = 2147483647;
			files = (
			);
			runOnlyForDeploymentPostprocessing = 0;
		};
		EDAB94101E23B62D00464F65 /* Frameworks */ = {
			isa = PBXFrameworksBuildPhase;
			buildActionMask = 2147483647;
			files = (
			);
			runOnlyForDeploymentPostprocessing = 0;
		};
/* End PBXFrameworksBuildPhase section */

/* Begin PBXGroup section */
		EDAB93EB1E23B62C00464F65 = {
			isa = PBXGroup;
			children = (
				EDAB93F61E23B62D00464F65 /* drumPad */,
				EDAB940B1E23B62D00464F65 /* drumPadTests */,
				EDAB94161E23B62D00464F65 /* drumPadUITests */,
				EDAB93F51E23B62D00464F65 /* Products */,
			);
			sourceTree = "<group>";
		};
		EDAB93F51E23B62D00464F65 /* Products */ = {
			isa = PBXGroup;
			children = (
				EDAB93F41E23B62D00464F65 /* drumPad.app */,
				EDAB94081E23B62D00464F65 /* drumPadTests.xctest */,
				EDAB94131E23B62D00464F65 /* drumPadUITests.xctest */,
			);
			name = Products;
			sourceTree = "<group>";
		};
		EDAB93F61E23B62D00464F65 /* drumPad */ = {
			isa = PBXGroup;
			children = (
				EDAB93F71E23B62D00464F65 /* AppDelegate.swift */,
				EDAB93F91E23B62D00464F65 /* ViewController.swift */,
				EDAB93FB1E23B62D00464F65 /* Main.storyboard */,
				EDAB93FE1E23B62D00464F65 /* Assets.xcassets */,
				EDAB94001E23B62D00464F65 /* LaunchScreen.storyboard */,
				EDAB94031E23B62D00464F65 /* Info.plist */,
			);
			path = drumPad;
			sourceTree = "<group>";
		};
		EDAB940B1E23B62D00464F65 /* drumPadTests */ = {
			isa = PBXGroup;
			children = (
				EDAB940C1E23B62D00464F65 /* drumPadTests.swift */,
				EDAB940E1E23B62D00464F65 /* Info.plist */,
			);
			path = drumPadTests;
			sourceTree = "<group>";
		};
		EDAB94161E23B62D00464F65 /* drumPadUITests */ = {
			isa = PBXGroup;
			children = (
				EDAB94171E23B62D00464F65 /* drumPadUITests.swift */,
				EDAB94191E23B62D00464F65 /* Info.plist */,
			);
			path = drumPadUITests;
			sourceTree = "<group>";
		};
/* End PBXGroup section */

/* Begin PBXNativeTarget section */
		EDAB93F31E23B62C00464F65 /* drumPad */ = {
			isa = PBXNativeTarget;
			buildConfigurationList = EDAB941C1E23B62D00464F65 /* Build configuration list for PBXNativeTarget "drumPad" */;
			buildPhases = (
				EDAB93F01E23B62C00464F65 /* Sources */,
				EDAB93F11E23B62C00464F65 /* Frameworks */,
				EDAB93F21E23B62C00464F65 /* Resources */,
			);
			buildRules = (
			);
			dependencies = (
			);
			name = drumPad;
			productName = drumPad;
			productReference = EDAB93F41E23B62D00464F65 /* drumPad.app */;
			productType = "com.apple.product-type.application";
		};
		EDAB94071E23B62D00464F65 /* drumPadTests */ = {
			isa = PBXNativeTarget;
			buildConfigurationList = EDAB941F1E23B62D00464F65 /* Build configuration list for PBXNativeTarget "drumPadTests" */;
			buildPhases = (
				EDAB94041E23B62D00464F65 /* Sources */,
				EDAB94051E23B62D00464F65 /* Frameworks */,
				EDAB94061E23B62D00464F65 /* Resources */,
			);
			buildRules = (
			);
			dependencies = (
				EDAB940A1E23B62D00464F65 /* PBXTargetDependency */,
			);
			name = drumPadTests;
			productName = drumPadTests;
			productReference = EDAB94081E23B62D00464F65 /* drumPadTests.xctest */;
			productType = "com.apple.product-type.bundle.unit-test";
		};
		EDAB94121E23B62D00464F65 /* drumPadUITests */ = {
			isa = PBXNativeTarget;
			buildConfigurationList = EDAB94221E23B62D00464F65 /* Build configuration list for PBXNativeTarget "drumPadUITests" */;
			buildPhases = (
				EDAB940F1E23B62D00464F65 /* Sources */,
				EDAB94101E23B62D00464F65 /* Frameworks */,
				EDAB94111E23B62D00464F65 /* Resources */,
			);
			buildRules = (
			);
			dependencies = (
				EDAB94151E23B62D00464F65 /* PBXTargetDependency */,
			);
			name = drumPadUITests;
			productName = drumPadUITests;
			productReference = EDAB94131E23B62D00464F65 /* drumPadUITests.xctest */;
			productType = "com.apple.product-type.bundle.ui-testing";
		};
/* End PBXNativeTarget section */

/* Begin PBXProject section */
		EDAB93EC1E23B62C00464F65 /* Project object */ = {
			isa = PBXProject;
			attributes = {
				LastSwiftUpdateCheck = 0810;
				LastUpgradeCheck = 0810;
				ORGANIZATIONNAME = "Olaf Kroon";
				TargetAttributes = {
					EDAB93F31E23B62C00464F65 = {
						CreatedOnToolsVersion = 8.1;
						ProvisioningStyle = Automatic;
					};
					EDAB94071E23B62D00464F65 = {
						CreatedOnToolsVersion = 8.1;
						ProvisioningStyle = Automatic;
						TestTargetID = EDAB93F31E23B62C00464F65;
					};
					EDAB94121E23B62D00464F65 = {
						CreatedOnToolsVersion = 8.1;
						ProvisioningStyle = Automatic;
						TestTargetID = EDAB93F31E23B62C00464F65;
					};
				};
			};
			buildConfigurationList = EDAB93EF1E23B62C00464F65 /* Build configuration list for PBXProject "drumPad" */;
			compatibilityVersion = "Xcode 3.2";
			developmentRegion = English;
			hasScannedForEncodings = 0;
			knownRegions = (
				en,
				Base,
			);
			mainGroup = EDAB93EB1E23B62C00464F65;
			productRefGroup = EDAB93F51E23B62D00464F65 /* Products */;
			projectDirPath = "";
			projectRoot = "";
			targets = (
				EDAB93F31E23B62C00464F65 /* drumPad */,
				EDAB94071E23B62D00464F65 /* drumPadTests */,
				EDAB94121E23B62D00464F65 /* drumPadUITests */,
			);
		};
/* End PBXProject section */

/* Begin PBXResourcesBuildPhase section */
		EDAB93F21E23B62C00464F65 /* Resources */ = {
			isa = PBXResourcesBuildPhase;
			buildActionMask = 2147483647;
			files = (
				EDAB94021E23B62D00464F65 /* LaunchScreen.storyboard in Resources */,
				EDAB93FF1E23B62D00464F65 /* Assets.xcassets in Resources */,
				EDAB93FD1E23B62D00464F65 /* Main.storyboard in Resources */,
			);
			runOnlyForDeploymentPostprocessing = 0;
		};
		EDAB94061E23B62D00464F65 /* Resources */ = {
			isa = PBXResourcesBuildPhase;
			buildActionMask = 2147483647;
			files = (
			);
			runOnlyForDeploymentPostprocessing = 0;
		};
		EDAB94111E23B62D00464F65 /* Resources */ = {
			isa = PBXResourcesBuildPhase;
			buildActionMask = 2147483647;
			files = (
			);
			runOnlyForDeploymentPostprocessing = 0;
		};
/* End PBXResourcesBuildPhase section */

/* Begin PBXSourcesBuildPhase section */
		EDAB93F01E23B62C00464F65 /* Sources */ = {
			isa = PBXSourcesBuildPhase;
			buildActionMask = 2147483647;
			files = (
				EDAB93FA1E23B62D00464F65 /* ViewController.swift in Sources */,
				EDAB93F81E23B62D00464F65 /* AppDelegate.swift in Sources */,
			);
			runOnlyForDeploymentPostprocessing = 0;
		};
		EDAB94041E23B62D00464F65 /* Sources */ = {
			isa = PBXSourcesBuildPhase;
			buildActionMask = 2147483647;
			files = (
				EDAB940D1E23B62D00464F65 /* drumPadTests.swift in Sources */,
			);
			runOnlyForDeploymentPostprocessing = 0;
		};
		EDAB940F1E23B62D00464F65 /* Sources */ = {
			isa = PBXSourcesBuildPhase;
			buildActionMask = 2147483647;
			files = (
				EDAB94181E23B62D00464F65 /* drumPadUITests.swift in Sources */,
			);
			runOnlyForDeploymentPostprocessing = 0;
		};
/* End PBXSourcesBuildPhase section */

/* Begin PBXTargetDependency section */
		EDAB940A1E23B62D00464F65 /* PBXTargetDependency */ = {
			isa = PBXTargetDependency;
			target = EDAB93F31E23B62C00464F65 /* drumPad */;
			targetProxy = EDAB94091E23B62D00464F65 /* PBXContainerItemProxy */;
		};
		EDAB94151E23B62D00464F65 /* PBXTargetDependency */ = {
			isa = PBXTargetDependency;
			target = EDAB93F31E23B62C00464F65 /* drumPad */;
			targetProxy = EDAB94141E23B62D00464F65 /* PBXContainerItemProxy */;
		};
/* End PBXTargetDependency section */

/* Begin PBXVariantGroup section */
		EDAB93FB1E23B62D00464F65 /* Main.storyboard */ = {
			isa = PBXVariantGroup;
			children = (
				EDAB93FC1E23B62D00464F65 /* Base */,
			);
			name = Main.storyboard;
			sourceTree = "<group>";
		};
		EDAB94001E23B62D00464F65 /* LaunchScreen.storyboard */ = {
			isa = PBXVariantGroup;
			children = (
				EDAB94011E23B62D00464F65 /* Base */,
			);
			name = LaunchScreen.storyboard;
			sourceTree = "<group>";
		};
/* End PBXVariantGroup section */

/* Begin XCBuildConfiguration section */
		EDAB941A1E23B62D00464F65 /* Debug */ = {
			isa = XCBuildConfiguration;
			buildSettings = {
				ALWAYS_SEARCH_USER_PATHS = NO;
				CLANG_ANALYZER_NONNULL = YES;
				CLANG_CXX_LANGUAGE_STANDARD = "gnu++0x";
				CLANG_CXX_LIBRARY = "libc++";
				CLANG_ENABLE_MODULES = YES;
				CLANG_ENABLE_OBJC_ARC = YES;
				CLANG_WARN_BOOL_CONVERSION = YES;
				CLANG_WARN_CONSTANT_CONVERSION = YES;
				CLANG_WARN_DIRECT_OBJC_ISA_USAGE = YES_ERROR;
				CLANG_WARN_DOCUMENTATION_COMMENTS = YES;
				CLANG_WARN_EMPTY_BODY = YES;
				CLANG_WARN_ENUM_CONVERSION = YES;
				CLANG_WARN_INFINITE_RECURSION = YES;
				CLANG_WARN_INT_CONVERSION = YES;
				CLANG_WARN_OBJC_ROOT_CLASS = YES_ERROR;
				CLANG_WARN_SUSPICIOUS_MOVES = YES;
				CLANG_WARN_UNREACHABLE_CODE = YES;
				CLANG_WARN__DUPLICATE_METHOD_MATCH = YES;
				"CODE_SIGN_IDENTITY[sdk=iphoneos*]" = "iPhone Developer";
				COPY_PHASE_STRIP = NO;
				DEBUG_INFORMATION_FORMAT = dwarf;
				ENABLE_STRICT_OBJC_MSGSEND = YES;
				ENABLE_TESTABILITY = YES;
				GCC_C_LANGUAGE_STANDARD = gnu99;
				GCC_DYNAMIC_NO_PIC = NO;
				GCC_NO_COMMON_BLOCKS = YES;
				GCC_OPTIMIZATION_LEVEL = 0;
				GCC_PREPROCESSOR_DEFINITIONS = (
					"DEBUG=1",
					"$(inherited)",
				);
				GCC_WARN_64_TO_32_BIT_CONVERSION = YES;
				GCC_WARN_ABOUT_RETURN_TYPE = YES_ERROR;
				GCC_WARN_UNDECLARED_SELECTOR = YES;
				GCC_WARN_UNINITIALIZED_AUTOS = YES_AGGRESSIVE;
				GCC_WARN_UNUSED_FUNCTION = YES;
				GCC_WARN_UNUSED_VARIABLE = YES;
				IPHONEOS_DEPLOYMENT_TARGET = 10.1;
				MTL_ENABLE_DEBUG_INFO = YES;
				ONLY_ACTIVE_ARCH = YES;
				SDKROOT = iphoneos;
				SWIFT_ACTIVE_COMPILATION_CONDITIONS = DEBUG;
				SWIFT_OPTIMIZATION_LEVEL = "-Onone";
				TARGETED_DEVICE_FAMILY = "1,2";
			};
			name = Debug;
		};
		EDAB941B1E23B62D00464F65 /* Release */ = {
			isa = XCBuildConfiguration;
			buildSettings = {
				ALWAYS_SEARCH_USER_PATHS = NO;
				CLANG_ANALYZER_NONNULL = YES;
				CLANG_CXX_LANGUAGE_STANDARD = "gnu++0x";
				CLANG_CXX_LIBRARY = "libc++";
				CLANG_ENABLE_MODULES = YES;
				CLANG_ENABLE_OBJC_ARC = YES;
				CLANG_WARN_BOOL_CONVERSION = YES;
				CLANG_WARN_CONSTANT_CONVERSION = YES;
				CLANG_WARN_DIRECT_OBJC_ISA_USAGE = YES_ERROR;
				CLANG_WARN_DOCUMENTATION_COMMENTS = YES;
				CLANG_WARN_EMPTY_BODY = YES;
				CLANG_WARN_ENUM_CONVERSION = YES;
				CLANG_WARN_INFINITE_RECURSION = YES;
				CLANG_WARN_INT_CONVERSION = YES;
				CLANG_WARN_OBJC_ROOT_CLASS = YES_ERROR;
				CLANG_WARN_SUSPICIOUS_MOVES = YES;
				CLANG_WARN_UNREACHABLE_CODE = YES;
				CLANG_WARN__DUPLICATE_METHOD_MATCH = YES;
				"CODE_SIGN_IDENTITY[sdk=iphoneos*]" = "iPhone Developer";
				COPY_PHASE_STRIP = NO;
				DEBUG_INFORMATION_FORMAT = "dwarf-with-dsym";
				ENABLE_NS_ASSERTIONS = NO;
				ENABLE_STRICT_OBJC_MSGSEND = YES;
				GCC_C_LANGUAGE_STANDARD = gnu99;
				GCC_NO_COMMON_BLOCKS = YES;
				GCC_WARN_64_TO_32_BIT_CONVERSION = YES;
				GCC_WARN_ABOUT_RETURN_TYPE = YES_ERROR;
				GCC_WARN_UNDECLARED_SELECTOR = YES;
				GCC_WARN_UNINITIALIZED_AUTOS = YES_AGGRESSIVE;
				GCC_WARN_UNUSED_FUNCTION = YES;
				GCC_WARN_UNUSED_VARIABLE = YES;
				IPHONEOS_DEPLOYMENT_TARGET = 10.1;
				MTL_ENABLE_DEBUG_INFO = NO;
				SDKROOT = iphoneos;
				SWIFT_OPTIMIZATION_LEVEL = "-Owholemodule";
				TARGETED_DEVICE_FAMILY = "1,2";
				VALIDATE_PRODUCT = YES;
			};
			name = Release;
		};
		EDAB941D1E23B62D00464F65 /* Debug */ = {
			isa = XCBuildConfiguration;
			buildSettings = {
				ASSETCATALOG_COMPILER_APPICON_NAME = AppIcon;
				INFOPLIST_FILE = drumPad/Info.plist;
				LD_RUNPATH_SEARCH_PATHS = "$(inherited) @executable_path/Frameworks";
				PRODUCT_BUNDLE_IDENTIFIER = nl.mprog.drumPad;
				PRODUCT_NAME = "$(TARGET_NAME)";
				SWIFT_VERSION = 3.0;
			};
			name = Debug;
		};
		EDAB941E1E23B62D00464F65 /* Release */ = {
			isa = XCBuildConfiguration;
			buildSettings = {
				ASSETCATALOG_COMPILER_APPICON_NAME = AppIcon;
				INFOPLIST_FILE = drumPad/Info.plist;
				LD_RUNPATH_SEARCH_PATHS = "$(inherited) @executable_path/Frameworks";
				PRODUCT_BUNDLE_IDENTIFIER = nl.mprog.drumPad;
				PRODUCT_NAME = "$(TARGET_NAME)";
				SWIFT_VERSION = 3.0;
			};
			name = Release;
		};
		EDAB94201E23B62D00464F65 /* Debug */ = {
			isa = XCBuildConfiguration;
			buildSettings = {
				ALWAYS_EMBED_SWIFT_STANDARD_LIBRARIES = YES;
				BUNDLE_LOADER = "$(TEST_HOST)";
				INFOPLIST_FILE = drumPadTests/Info.plist;
				LD_RUNPATH_SEARCH_PATHS = "$(inherited) @executable_path/Frameworks @loader_path/Frameworks";
				PRODUCT_BUNDLE_IDENTIFIER = nl.mprog.drumPadTests;
				PRODUCT_NAME = "$(TARGET_NAME)";
				SWIFT_VERSION = 3.0;
				TEST_HOST = "$(BUILT_PRODUCTS_DIR)/drumPad.app/drumPad";
			};
			name = Debug;
		};
		EDAB94211E23B62D00464F65 /* Release */ = {
			isa = XCBuildConfiguration;
			buildSettings = {
				ALWAYS_EMBED_SWIFT_STANDARD_LIBRARIES = YES;
				BUNDLE_LOADER = "$(TEST_HOST)";
				INFOPLIST_FILE = drumPadTests/Info.plist;
				LD_RUNPATH_SEARCH_PATHS = "$(inherited) @executable_path/Frameworks @loader_path/Frameworks";
				PRODUCT_BUNDLE_IDENTIFIER = nl.mprog.drumPadTests;
				PRODUCT_NAME = "$(TARGET_NAME)";
				SWIFT_VERSION = 3.0;
				TEST_HOST = "$(BUILT_PRODUCTS_DIR)/drumPad.app/drumPad";
			};
			name = Release;
		};
		EDAB94231E23B62D00464F65 /* Debug */ = {
			isa = XCBuildConfiguration;
			buildSettings = {
				ALWAYS_EMBED_SWIFT_STANDARD_LIBRARIES = YES;
				INFOPLIST_FILE = drumPadUITests/Info.plist;
				LD_RUNPATH_SEARCH_PATHS = "$(inherited) @executable_path/Frameworks @loader_path/Frameworks";
				PRODUCT_BUNDLE_IDENTIFIER = nl.mprog.drumPadUITests;
				PRODUCT_NAME = "$(TARGET_NAME)";
				SWIFT_VERSION = 3.0;
				TEST_TARGET_NAME = drumPad;
			};
			name = Debug;
		};
		EDAB94241E23B62D00464F65 /* Release */ = {
			isa = XCBuildConfiguration;
			buildSettings = {
				ALWAYS_EMBED_SWIFT_STANDARD_LIBRARIES = YES;
				INFOPLIST_FILE = drumPadUITests/Info.plist;
				LD_RUNPATH_SEARCH_PATHS = "$(inherited) @executable_path/Frameworks @loader_path/Frameworks";
				PRODUCT_BUNDLE_IDENTIFIER = nl.mprog.drumPadUITests;
				PRODUCT_NAME = "$(TARGET_NAME)";
				SWIFT_VERSION = 3.0;
				TEST_TARGET_NAME = drumPad;
			};
			name = Release;
		};
/* End XCBuildConfiguration section */

/* Begin XCConfigurationList section */
		EDAB93EF1E23B62C00464F65 /* Build configuration list for PBXProject "drumPad" */ = {
			isa = XCConfigurationList;
			buildConfigurations = (
				EDAB941A1E23B62D00464F65 /* Debug */,
				EDAB941B1E23B62D00464F65 /* Release */,
			);
			defaultConfigurationIsVisible = 0;
			defaultConfigurationName = Release;
		};
		EDAB941C1E23B62D00464F65 /* Build configuration list for PBXNativeTarget "drumPad" */ = {
			isa = XCConfigurationList;
			buildConfigurations = (
				EDAB941D1E23B62D00464F65 /* Debug */,
				EDAB941E1E23B62D00464F65 /* Release */,
			);
			defaultConfigurationIsVisible = 0;
		};
		EDAB941F1E23B62D00464F65 /* Build configuration list for PBXNativeTarget "drumPadTests" */ = {
			isa = XCConfigurationList;
			buildConfigurations = (
				EDAB94201E23B62D00464F65 /* Debug */,
				EDAB94211E23B62D00464F65 /* Release */,
			);
			defaultConfigurationIsVisible = 0;
		};
		EDAB94221E23B62D00464F65 /* Build configuration list for PBXNativeTarget "drumPadUITests" */ = {
			isa = XCConfigurationList;
			buildConfigurations = (
				EDAB94231E23B62D00464F65 /* Debug */,
				EDAB94241E23B62D00464F65 /* Release */,
			);
			defaultConfigurationIsVisible = 0;
		};
/* End XCConfigurationList section */
	};
	rootObject = EDAB93EC1E23B62C00464F65 /* Project object */;
}
